
Microsoft Visual Studio Solution File, Format Version 12.00
# Visual Studio Version 17
VisualStudioVersion = 17.5.33502.453
MinimumVisualStudioVersion = 10.0.40219.1
Project("{FAE04EC0-301F-11D3-BF4B-00C04F79EFBC}") = "Day8_1", "Day8_1\Day8_1.csproj", "{0E05E343-ACA8-4FF2-900D-54BD3C514E3F}"
EndProject
Global
	GlobalSection(SolutionConfigurationPlatforms) = preSolution
		Debug|Any CPU = Debug|Any CPU
		Release|Any CPU = Release|Any CPU
	EndGlobalSection
	GlobalSection(ProjectConfigurationPlatforms) = postSolution
		{0E05E343-ACA8-4FF2-900D-54BD3C514E3F}.Debug|Any CPU.ActiveCfg = Debug|Any CPU
		{0E05E343-ACA8-4FF2-900D-54BD3C514E3F}.Debug|Any CPU.Build.0 = Debug|Any CPU
		{0E05E343-ACA8-4FF2-900D-54BD3C514E3F}.Release|Any CPU.ActiveCfg = Release|Any CPU
		{0E05E343-ACA8-4FF2-900D-54BD3C514E3F}.Release|Any CPU.Build.0 = Release|Any CPU
	EndGlobalSection
	GlobalSection(SolutionProperties) = preSolution
		HideSolutionNode = FALSE
	EndGlobalSection
	GlobalSection(ExtensibilityGlobals) = postSolution
		SolutionGuid = {4F90BA0C-53E3-45E0-B723-E3710BC07D76}
	EndGlobalSection
EndGlobal
