
Microsoft Visual Studio Solution File, Format Version 12.00
# Visual Studio Version 17
VisualStudioVersion = 17.5.33502.453
MinimumVisualStudioVersion = 10.0.40219.1
Project("{FAE04EC0-301F-11D3-BF4B-00C04F79EFBC}") = "day4_1", "day4_1\day4_1.csproj", "{138542E3-2A80-4A16-BAB4-4B4DEE5DCA41}"
EndProject
Global
	GlobalSection(SolutionConfigurationPlatforms) = preSolution
		Debug|Any CPU = Debug|Any CPU
		Release|Any CPU = Release|Any CPU
	EndGlobalSection
	GlobalSection(ProjectConfigurationPlatforms) = postSolution
		{138542E3-2A80-4A16-BAB4-4B4DEE5DCA41}.Debug|Any CPU.ActiveCfg = Debug|Any CPU
		{138542E3-2A80-4A16-BAB4-4B4DEE5DCA41}.Debug|Any CPU.Build.0 = Debug|Any CPU
		{138542E3-2A80-4A16-BAB4-4B4DEE5DCA41}.Release|Any CPU.ActiveCfg = Release|Any CPU
		{138542E3-2A80-4A16-BAB4-4B4DEE5DCA41}.Release|Any CPU.Build.0 = Release|Any CPU
	EndGlobalSection
	GlobalSection(SolutionProperties) = preSolution
		HideSolutionNode = FALSE
	EndGlobalSection
	GlobalSection(ExtensibilityGlobals) = postSolution
		SolutionGuid = {74E7F075-FA3C-4836-A877-17259D69490B}
	EndGlobalSection
EndGlobal
